
Microsoft Visual Studio Solution File, Format Version 12.00
# Visual Studio Version 17
VisualStudioVersion = 17.14.36127.28
MinimumVisualStudioVersion = 10.0.40219.1
Project("{FAE04EC0-301F-11D3-BF4B-00C04F79EFBC}") = "FastdoServer.Blazor", "FastdoServer.Blazor\FastdoServer.Blazor.csproj", "{2E79FB56-B806-8438-D8D8-3041AE135D29}"
EndProject
Project("{FAE04EC0-301F-11D3-BF4B-00C04F79EFBC}") = "FastdoServer", "FastdoServer\FastdoServer.csproj", "{A4D16750-4FC8-0A10-9E9F-EC9CC87674F2}"
EndProject
Global
	GlobalSection(SolutionConfigurationPlatforms) = preSolution
		Debug|Any CPU = Debug|Any CPU
		Release|Any CPU = Release|Any CPU
	EndGlobalSection
	GlobalSection(ProjectConfigurationPlatforms) = postSolution
		{2E79FB56-B806-8438-D8D8-3041AE135D29}.Debug|Any CPU.ActiveCfg = Debug|Any CPU
		{2E79FB56-B806-8438-D8D8-3041AE135D29}.Debug|Any CPU.Build.0 = Debug|Any CPU
		{2E79FB56-B806-8438-D8D8-3041AE135D29}.Release|Any CPU.ActiveCfg = Release|Any CPU
		{2E79FB56-B806-8438-D8D8-3041AE135D29}.Release|Any CPU.Build.0 = Release|Any CPU
		{A4D16750-4FC8-0A10-9E9F-EC9CC87674F2}.Debug|Any CPU.ActiveCfg = Debug|Any CPU
		{A4D16750-4FC8-0A10-9E9F-EC9CC87674F2}.Debug|Any CPU.Build.0 = Debug|Any CPU
		{A4D16750-4FC8-0A10-9E9F-EC9CC87674F2}.Release|Any CPU.ActiveCfg = Release|Any CPU
		{A4D16750-4FC8-0A10-9E9F-EC9CC87674F2}.Release|Any CPU.Build.0 = Release|Any CPU
	EndGlobalSection
	GlobalSection(SolutionProperties) = preSolution
		HideSolutionNode = FALSE
	EndGlobalSection
	GlobalSection(ExtensibilityGlobals) = postSolution
		SolutionGuid = {B006F361-ECB1-4352-B246-B0A52D649CE6}
	EndGlobalSection
EndGlobal
